{
  "name": "tictactoe-nextjs",
  "version": "1.0.0",
  "lockfileVersion": 3,
  "requires": true,
  "packages": {
    "": {
      "name": "tictactoe-nextjs",
      "version": "1.0.0",
      "dependencies": {
        "next": "14.2.21",
        "react": "18.3.1",
        "react-dom": "18.3.1",
        "typeorm": "0.3.20",
        "sql.js": "1.11.0",
        "reflect-metadata": "0.2.2"
      },
      "devDependencies": {
        "typescript": "5.4.5",
        "@types/node": "20.14.2",
        "@types/react": "18.3.3",
        "@types/react-dom": "18.3.0"
      }
    }
  }
}
